// !$*UTF8*$!
{
	archiveVersion = 1;
	classes = {
	};
	objectVersion = 50;
	objects = {

/* Begin PBXBuildFile section */
		84147D312276C017001AA880 /* AppDelegate.swift in Sources */ = {isa = PBXBuildFile; fileRef = 84147D302276C017001AA880 /* AppDelegate.swift */; };
		84147D332276C017001AA880 /* ViewController.swift in Sources */ = {isa = PBXBuildFile; fileRef = 84147D322276C017001AA880 /* ViewController.swift */; };
		84147D362276C017001AA880 /* Main.storyboard in Resources */ = {isa = PBXBuildFile; fileRef = 84147D342276C017001AA880 /* Main.storyboard */; };
		84147D382276C01A001AA880 /* Assets.xcassets in Resources */ = {isa = PBXBuildFile; fileRef = 84147D372276C01A001AA880 /* Assets.xcassets */; };
		84147D3B2276C01A001AA880 /* LaunchScreen.storyboard in Resources */ = {isa = PBXBuildFile; fileRef = 84147D392276C01A001AA880 /* LaunchScreen.storyboard */; };
		84147D462276C01A001AA880 /* Calculator_AppTests.swift in Sources */ = {isa = PBXBuildFile; fileRef = 84147D452276C01A001AA880 /* Calculator_AppTests.swift */; };
		84147D512276C01A001AA880 /* Calculator_AppUITests.swift in Sources */ = {isa = PBXBuildFile; fileRef = 84147D502276C01A001AA880 /* Calculator_AppUITests.swift */; };
		846297F42282B8B600F62BCF /* Operation.swift in Sources */ = {isa = PBXBuildFile; fileRef = 846297F32282B8B600F62BCF /* Operation.swift */; };
/* End PBXBuildFile section */

/* Begin PBXContainerItemProxy section */
		84147D422276C01A001AA880 /* PBXContainerItemProxy */ = {
			isa = PBXContainerItemProxy;
			containerPortal = 84147D252276C017001AA880 /* Project object */;
			proxyType = 1;
			remoteGlobalIDString = 84147D2C2276C017001AA880;
			remoteInfo = "Calculator App";
		};
		84147D4D2276C01A001AA880 /* PBXContainerItemProxy */ = {
			isa = PBXContainerItemProxy;
			containerPortal = 84147D252276C017001AA880 /* Project object */;
			proxyType = 1;
			remoteGlobalIDString = 84147D2C2276C017001AA880;
			remoteInfo = "Calculator App";
		};
/* End PBXContainerItemProxy section */

/* Begin PBXFileReference section */
		84147D2D2276C017001AA880 /* Calculator App.app */ = {isa = PBXFileReference; explicitFileType = wrapper.application; includeInIndex = 0; path = "Calculator App.app"; sourceTree = BUILT_PRODUCTS_DIR; };
		84147D302276C017001AA880 /* AppDelegate.swift */ = {isa = PBXFileReference; lastKnownFileType = sourcecode.swift; path = AppDelegate.swift; sourceTree = "<group>"; };
		84147D322276C017001AA880 /* ViewController.swift */ = {isa = PBXFileReference; lastKnownFileType = sourcecode.swift; path = ViewController.swift; sourceTree = "<group>"; };
		84147D352276C017001AA880 /* Base */ = {isa = PBXFileReference; lastKnownFileType = file.storyboard; name = Base; path = Base.lproj/Main.storyboard; sourceTree = "<group>"; };
		84147D372276C01A001AA880 /* Assets.xcassets */ = {isa = PBXFileReference; lastKnownFileType = folder.assetcatalog; path = Assets.xcassets; sourceTree = "<group>"; };
		84147D3A2276C01A001AA880 /* Base */ = {isa = PBXFileReference; lastKnownFileType = file.storyboard; name = Base; path = Base.lproj/LaunchScreen.storyboard; sourceTree = "<group>"; };
		84147D3C2276C01A001AA880 /* Info.plist */ = {isa = PBXFileReference; lastKnownFileType = text.plist.xml; path = Info.plist; sourceTree = "<group>"; };
		84147D412276C01A001AA880 /* Calculator AppTests.xctest */ = {isa = PBXFileReference; explicitFileType = wrapper.cfbundle; includeInIndex = 0; path = "Calculator AppTests.xctest"; sourceTree = BUILT_PRODUCTS_DIR; };
		84147D452276C01A001AA880 /* Calculator_AppTests.swift */ = {isa = PBXFileReference; lastKnownFileType = sourcecode.swift; path = Calculator_AppTests.swift; sourceTree = "<group>"; };
		84147D472276C01A001AA880 /* Info.plist */ = {isa = PBXFileReference; lastKnownFileType = text.plist.xml; path = Info.plist; sourceTree = "<group>"; };
		84147D4C2276C01A001AA880 /* Calculator AppUITests.xctest */ = {isa = PBXFileReference; explicitFileType = wrapper.cfbundle; includeInIndex = 0; path = "Calculator AppUITests.xctest"; sourceTree = BUILT_PRODUCTS_DIR; };
		84147D502276C01A001AA880 /* Calculator_AppUITests.swift */ = {isa = PBXFileReference; lastKnownFileType = sourcecode.swift; path = Calculator_AppUITests.swift; sourceTree = "<group>"; };
		84147D522276C01A001AA880 /* Info.plist */ = {isa = PBXFileReference; lastKnownFileType = text.plist.xml; path = Info.plist; sourceTree = "<group>"; };
		846297F32282B8B600F62BCF /* Operation.swift */ = {isa = PBXFileReference; lastKnownFileType = sourcecode.swift; path = Operation.swift; sourceTree = "<group>"; };
/* End PBXFileReference section */

/* Begin PBXFrameworksBuildPhase section */
		84147D2A2276C017001AA880 /* Frameworks */ = {
			isa = PBXFrameworksBuildPhase;
			buildActionMask = 2147483647;
			files = (
			);
			runOnlyForDeploymentPostprocessing = 0;
		};
		84147D3E2276C01A001AA880 /* Frameworks */ = {
			isa = PBXFrameworksBuildPhase;
			buildActionMask = 2147483647;
			files = (
			);
			runOnlyForDeploymentPostprocessing = 0;
		};
		84147D492276C01A001AA880 /* Frameworks */ = {
			isa = PBXFrameworksBuildPhase;
			buildActionMask = 2147483647;
			files = (
			);
			runOnlyForDeploymentPostprocessing = 0;
		};
/* End PBXFrameworksBuildPhase section */

/* Begin PBXGroup section */
		84147D242276C017001AA880 = {
			isa = PBXGroup;
			children = (
				84147D2F2276C017001AA880 /* Calculator App */,
				84147D442276C01A001AA880 /* Calculator AppTests */,
				84147D4F2276C01A001AA880 /* Calculator AppUITests */,
				84147D2E2276C017001AA880 /* Products */,
			);
			sourceTree = "<group>";
		};
		84147D2E2276C017001AA880 /* Products */ = {
			isa = PBXGroup;
			children = (
				84147D2D2276C017001AA880 /* Calculator App.app */,
				84147D412276C01A001AA880 /* Calculator AppTests.xctest */,
				84147D4C2276C01A001AA880 /* Calculator AppUITests.xctest */,
			);
			name = Products;
			sourceTree = "<group>";
		};
		84147D2F2276C017001AA880 /* Calculator App */ = {
			isa = PBXGroup;
			children = (
				84147D302276C017001AA880 /* AppDelegate.swift */,
				84147D322276C017001AA880 /* ViewController.swift */,
				846297F32282B8B600F62BCF /* Operation.swift */,
				84147D342276C017001AA880 /* Main.storyboard */,
				84147D372276C01A001AA880 /* Assets.xcassets */,
				84147D392276C01A001AA880 /* LaunchScreen.storyboard */,
				84147D3C2276C01A001AA880 /* Info.plist */,
			);
			path = "Calculator App";
			sourceTree = "<group>";
		};
		84147D442276C01A001AA880 /* Calculator AppTests */ = {
			isa = PBXGroup;
			children = (
				84147D452276C01A001AA880 /* Calculator_AppTests.swift */,
				84147D472276C01A001AA880 /* Info.plist */,
			);
			path = "Calculator AppTests";
			sourceTree = "<group>";
		};
		84147D4F2276C01A001AA880 /* Calculator AppUITests */ = {
			isa = PBXGroup;
			children = (
				84147D502276C01A001AA880 /* Calculator_AppUITests.swift */,
				84147D522276C01A001AA880 /* Info.plist */,
			);
			path = "Calculator AppUITests";
			sourceTree = "<group>";
		};
/* End PBXGroup section */

/* Begin PBXNativeTarget section */
		84147D2C2276C017001AA880 /* Calculator App */ = {
			isa = PBXNativeTarget;
			buildConfigurationList = 84147D552276C01A001AA880 /* Build configuration list for PBXNativeTarget "Calculator App" */;
			buildPhases = (
				84147D292276C017001AA880 /* Sources */,
				84147D2A2276C017001AA880 /* Frameworks */,
				84147D2B2276C017001AA880 /* Resources */,
			);
			buildRules = (
			);
			dependencies = (
			);
			name = "Calculator App";
			productName = "Calculator App";
			productReference = 84147D2D2276C017001AA880 /* Calculator App.app */;
			productType = "com.apple.product-type.application";
		};
		84147D402276C01A001AA880 /* Calculator AppTests */ = {
			isa = PBXNativeTarget;
			buildConfigurationList = 84147D582276C01A001AA880 /* Build configuration list for PBXNativeTarget "Calculator AppTests" */;
			buildPhases = (
				84147D3D2276C01A001AA880 /* Sources */,
				84147D3E2276C01A001AA880 /* Frameworks */,
				84147D3F2276C01A001AA880 /* Resources */,
			);
			buildRules = (
			);
			dependencies = (
				84147D432276C01A001AA880 /* PBXTargetDependency */,
			);
			name = "Calculator AppTests";
			productName = "Calculator AppTests";
			productReference = 84147D412276C01A001AA880 /* Calculator AppTests.xctest */;
			productType = "com.apple.product-type.bundle.unit-test";
		};
		84147D4B2276C01A001AA880 /* Calculator AppUITests */ = {
			isa = PBXNativeTarget;
			buildConfigurationList = 84147D5B2276C01A001AA880 /* Build configuration list for PBXNativeTarget "Calculator AppUITests" */;
			buildPhases = (
				84147D482276C01A001AA880 /* Sources */,
				84147D492276C01A001AA880 /* Frameworks */,
				84147D4A2276C01A001AA880 /* Resources */,
			);
			buildRules = (
			);
			dependencies = (
				84147D4E2276C01A001AA880 /* PBXTargetDependency */,
			);
			name = "Calculator AppUITests";
			productName = "Calculator AppUITests";
			productReference = 84147D4C2276C01A001AA880 /* Calculator AppUITests.xctest */;
			productType = "com.apple.product-type.bundle.ui-testing";
		};
/* End PBXNativeTarget section */

/* Begin PBXProject section */
		84147D252276C017001AA880 /* Project object */ = {
			isa = PBXProject;
			attributes = {
				LastSwiftUpdateCheck = 1010;
				LastUpgradeCheck = 1010;
				ORGANIZATIONNAME = "Cherrylyn Baltazar";
				TargetAttributes = {
					84147D2C2276C017001AA880 = {
						CreatedOnToolsVersion = 10.1;
					};
					84147D402276C01A001AA880 = {
						CreatedOnToolsVersion = 10.1;
						TestTargetID = 84147D2C2276C017001AA880;
					};
					84147D4B2276C01A001AA880 = {
						CreatedOnToolsVersion = 10.1;
						TestTargetID = 84147D2C2276C017001AA880;
					};
				};
			};
			buildConfigurationList = 84147D282276C017001AA880 /* Build configuration list for PBXProject "Calculator App" */;
			compatibilityVersion = "Xcode 9.3";
			developmentRegion = en;
			hasScannedForEncodings = 0;
			knownRegions = (
				en,
				Base,
			);
			mainGroup = 84147D242276C017001AA880;
			productRefGroup = 84147D2E2276C017001AA880 /* Products */;
			projectDirPath = "";
			projectRoot = "";
			targets = (
				84147D2C2276C017001AA880 /* Calculator App */,
				84147D402276C01A001AA880 /* Calculator AppTests */,
				84147D4B2276C01A001AA880 /* Calculator AppUITests */,
			);
		};
/* End PBXProject section */

/* Begin PBXResourcesBuildPhase section */
		84147D2B2276C017001AA880 /* Resources */ = {
			isa = PBXResourcesBuildPhase;
			buildActionMask = 2147483647;
			files = (
				84147D3B2276C01A001AA880 /* LaunchScreen.storyboard in Resources */,
				84147D382276C01A001AA880 /* Assets.xcassets in Resources */,
				84147D362276C017001AA880 /* Main.storyboard in Resources */,
			);
			runOnlyForDeploymentPostprocessing = 0;
		};
		84147D3F2276C01A001AA880 /* Resources */ = {
			isa = PBXResourcesBuildPhase;
			buildActionMask = 2147483647;
			files = (
			);
			runOnlyForDeploymentPostprocessing = 0;
		};
		84147D4A2276C01A001AA880 /* Resources */ = {
			isa = PBXResourcesBuildPhase;
			buildActionMask = 2147483647;
			files = (
			);
			runOnlyForDeploymentPostprocessing = 0;
		};
/* End PBXResourcesBuildPhase section */

/* Begin PBXSourcesBuildPhase section */
		84147D292276C017001AA880 /* Sources */ = {
			isa = PBXSourcesBuildPhase;
			buildActionMask = 2147483647;
			files = (
				84147D332276C017001AA880 /* ViewController.swift in Sources */,
				84147D312276C017001AA880 /* AppDelegate.swift in Sources */,
				846297F42282B8B600F62BCF /* Operation.swift in Sources */,
			);
			runOnlyForDeploymentPostprocessing = 0;
		};
		84147D3D2276C01A001AA880 /* Sources */ = {
			isa = PBXSourcesBuildPhase;
			buildActionMask = 2147483647;
			files = (
				84147D462276C01A001AA880 /* Calculator_AppTests.swift in Sources */,
			);
			runOnlyForDeploymentPostprocessing = 0;
		};
		84147D482276C01A001AA880 /* Sources */ = {
			isa = PBXSourcesBuildPhase;
			buildActionMask = 2147483647;
			files = (
				84147D512276C01A001AA880 /* Calculator_AppUITests.swift in Sources */,
			);
			runOnlyForDeploymentPostprocessing = 0;
		};
/* End PBXSourcesBuildPhase section */

/* Begin PBXTargetDependency section */
		84147D432276C01A001AA880 /* PBXTargetDependency */ = {
			isa = PBXTargetDependency;
			target = 84147D2C2276C017001AA880 /* Calculator App */;
			targetProxy = 84147D422276C01A001AA880 /* PBXContainerItemProxy */;
		};
		84147D4E2276C01A001AA880 /* PBXTargetDependency */ = {
			isa = PBXTargetDependency;
			target = 84147D2C2276C017001AA880 /* Calculator App */;
			targetProxy = 84147D4D2276C01A001AA880 /* PBXContainerItemProxy */;
		};
/* End PBXTargetDependency section */

/* Begin PBXVariantGroup section */
		84147D342276C017001AA880 /* Main.storyboard */ = {
			isa = PBXVariantGroup;
			children = (
				84147D352276C017001AA880 /* Base */,
			);
			name = Main.storyboard;
			sourceTree = "<group>";
		};
		84147D392276C01A001AA880 /* LaunchScreen.storyboard */ = {
			isa = PBXVariantGroup;
			children = (
				84147D3A2276C01A001AA880 /* Base */,
			);
			name = LaunchScreen.storyboard;
			sourceTree = "<group>";
		};
/* End PBXVariantGroup section */

/* Begin XCBuildConfiguration section */
		84147D532276C01A001AA880 /* Debug */ = {
			isa = XCBuildConfiguration;
			buildSettings = {
				ALWAYS_SEARCH_USER_PATHS = NO;
				CLANG_ANALYZER_NONNULL = YES;
				CLANG_ANALYZER_NUMBER_OBJECT_CONVERSION = YES_AGGRESSIVE;
				CLANG_CXX_LANGUAGE_STANDARD = "gnu++14";
				CLANG_CXX_LIBRARY = "libc++";
				CLANG_ENABLE_MODULES = YES;
				CLANG_ENABLE_OBJC_ARC = YES;
				CLANG_ENABLE_OBJC_WEAK = YES;
				CLANG_WARN_BLOCK_CAPTURE_AUTORELEASING = YES;
				CLANG_WARN_BOOL_CONVERSION = YES;
				CLANG_WARN_COMMA = YES;
				CLANG_WARN_CONSTANT_CONVERSION = YES;
				CLANG_WARN_DEPRECATED_OBJC_IMPLEMENTATIONS = YES;
				CLANG_WARN_DIRECT_OBJC_ISA_USAGE = YES_ERROR;
				CLANG_WARN_DOCUMENTATION_COMMENTS = YES;
				CLANG_WARN_EMPTY_BODY = YES;
				CLANG_WARN_ENUM_CONVERSION = YES;
				CLANG_WARN_INFINITE_RECURSION = YES;
				CLANG_WARN_INT_CONVERSION = YES;
				CLANG_WARN_NON_LITERAL_NULL_CONVERSION = YES;
				CLANG_WARN_OBJC_IMPLICIT_RETAIN_SELF = YES;
				CLANG_WARN_OBJC_LITERAL_CONVERSION = YES;
				CLANG_WARN_OBJC_ROOT_CLASS = YES_ERROR;
				CLANG_WARN_RANGE_LOOP_ANALYSIS = YES;
				CLANG_WARN_STRICT_PROTOTYPES = YES;
				CLANG_WARN_SUSPICIOUS_MOVE = YES;
				CLANG_WARN_UNGUARDED_AVAILABILITY = YES_AGGRESSIVE;
				CLANG_WARN_UNREACHABLE_CODE = YES;
				CLANG_WARN__DUPLICATE_METHOD_MATCH = YES;
				CODE_SIGN_IDENTITY = "iPhone Developer";
				COPY_PHASE_STRIP = NO;
				DEBUG_INFORMATION_FORMAT = dwarf;
				ENABLE_STRICT_OBJC_MSGSEND = YES;
				ENABLE_TESTABILITY = YES;
				GCC_C_LANGUAGE_STANDARD = gnu11;
				GCC_DYNAMIC_NO_PIC = NO;
				GCC_NO_COMMON_BLOCKS = YES;
				GCC_OPTIMIZATION_LEVEL = 0;
				GCC_PREPROCESSOR_DEFINITIONS = (
					"DEBUG=1",
					"$(inherited)",
				);
				GCC_WARN_64_TO_32_BIT_CONVERSION = YES;
				GCC_WARN_ABOUT_RETURN_TYPE = YES_ERROR;
				GCC_WARN_UNDECLARED_SELECTOR = YES;
				GCC_WARN_UNINITIALIZED_AUTOS = YES_AGGRESSIVE;
				GCC_WARN_UNUSED_FUNCTION = YES;
				GCC_WARN_UNUSED_VARIABLE = YES;
				IPHONEOS_DEPLOYMENT_TARGET = 12.1;
				MTL_ENABLE_DEBUG_INFO = INCLUDE_SOURCE;
				MTL_FAST_MATH = YES;
				ONLY_ACTIVE_ARCH = YES;
				SDKROOT = iphoneos;
				SWIFT_ACTIVE_COMPILATION_CONDITIONS = DEBUG;
				SWIFT_OPTIMIZATION_LEVEL = "-Onone";
			};
			name = Debug;
		};
		84147D542276C01A001AA880 /* Release */ = {
			isa = XCBuildConfiguration;
			buildSettings = {
				ALWAYS_SEARCH_USER_PATHS = NO;
				CLANG_ANALYZER_NONNULL = YES;
				CLANG_ANALYZER_NUMBER_OBJECT_CONVERSION = YES_AGGRESSIVE;
				CLANG_CXX_LANGUAGE_STANDARD = "gnu++14";
				CLANG_CXX_LIBRARY = "libc++";
				CLANG_ENABLE_MODULES = YES;
				CLANG_ENABLE_OBJC_ARC = YES;
				CLANG_ENABLE_OBJC_WEAK = YES;
				CLANG_WARN_BLOCK_CAPTURE_AUTORELEASING = YES;
				CLANG_WARN_BOOL_CONVERSION = YES;
				CLANG_WARN_COMMA = YES;
				CLANG_WARN_CONSTANT_CONVERSION = YES;
				CLANG_WARN_DEPRECATED_OBJC_IMPLEMENTATIONS = YES;
				CLANG_WARN_DIRECT_OBJC_ISA_USAGE = YES_ERROR;
				CLANG_WARN_DOCUMENTATION_COMMENTS = YES;
				CLANG_WARN_EMPTY_BODY = YES;
				CLANG_WARN_ENUM_CONVERSION = YES;
				CLANG_WARN_INFINITE_RECURSION = YES;
				CLANG_WARN_INT_CONVERSION = YES;
				CLANG_WARN_NON_LITERAL_NULL_CONVERSION = YES;
				CLANG_WARN_OBJC_IMPLICIT_RETAIN_SELF = YES;
				CLANG_WARN_OBJC_LITERAL_CONVERSION = YES;
				CLANG_WARN_OBJC_ROOT_CLASS = YES_ERROR;
				CLANG_WARN_RANGE_LOOP_ANALYSIS = YES;
				CLANG_WARN_STRICT_PROTOTYPES = YES;
				CLANG_WARN_SUSPICIOUS_MOVE = YES;
				CLANG_WARN_UNGUARDED_AVAILABILITY = YES_AGGRESSIVE;
				CLANG_WARN_UNREACHABLE_CODE = YES;
				CLANG_WARN__DUPLICATE_METHOD_MATCH = YES;
				CODE_SIGN_IDENTITY = "iPhone Developer";
				COPY_PHASE_STRIP = NO;
				DEBUG_INFORMATION_FORMAT = "dwarf-with-dsym";
				ENABLE_NS_ASSERTIONS = NO;
				ENABLE_STRICT_OBJC_MSGSEND = YES;
				GCC_C_LANGUAGE_STANDARD = gnu11;
				GCC_NO_COMMON_BLOCKS = YES;
				GCC_WARN_64_TO_32_BIT_CONVERSION = YES;
				GCC_WARN_ABOUT_RETURN_TYPE = YES_ERROR;
				GCC_WARN_UNDECLARED_SELECTOR = YES;
				GCC_WARN_UNINITIALIZED_AUTOS = YES_AGGRESSIVE;
				GCC_WARN_UNUSED_FUNCTION = YES;
				GCC_WARN_UNUSED_VARIABLE = YES;
				IPHONEOS_DEPLOYMENT_TARGET = 12.1;
				MTL_ENABLE_DEBUG_INFO = NO;
				MTL_FAST_MATH = YES;
				SDKROOT = iphoneos;
				SWIFT_COMPILATION_MODE = wholemodule;
				SWIFT_OPTIMIZATION_LEVEL = "-O";
				VALIDATE_PRODUCT = YES;
			};
			name = Release;
		};
		84147D562276C01A001AA880 /* Debug */ = {
			isa = XCBuildConfiguration;
			buildSettings = {
				ASSETCATALOG_COMPILER_APPICON_NAME = AppIcon;
				CODE_SIGN_STYLE = Automatic;
				DEVELOPMENT_TEAM = N38W6PE744;
				INFOPLIST_FILE = "Calculator App/Info.plist";
				LD_RUNPATH_SEARCH_PATHS = (
					"$(inherited)",
					"@executable_path/Frameworks",
				);
				PRODUCT_BUNDLE_IDENTIFIER = "com.baltazar.Calculator-App";
				PRODUCT_NAME = "$(TARGET_NAME)";
				SWIFT_VERSION = 4.2;
				TARGETED_DEVICE_FAMILY = "1,2";
			};
			name = Debug;
		};
		84147D572276C01A001AA880 /* Release */ = {
			isa = XCBuildConfiguration;
			buildSettings = {
				ASSETCATALOG_COMPILER_APPICON_NAME = AppIcon;
				CODE_SIGN_STYLE = Automatic;
				DEVELOPMENT_TEAM = N38W6PE744;
				INFOPLIST_FILE = "Calculator App/Info.plist";
				LD_RUNPATH_SEARCH_PATHS = (
					"$(inherited)",
					"@executable_path/Frameworks",
				);
				PRODUCT_BUNDLE_IDENTIFIER = "com.baltazar.Calculator-App";
				PRODUCT_NAME = "$(TARGET_NAME)";
				SWIFT_VERSION = 4.2;
				TARGETED_DEVICE_FAMILY = "1,2";
			};
			name = Release;
		};
		84147D592276C01A001AA880 /* Debug */ = {
			isa = XCBuildConfiguration;
			buildSettings = {
				ALWAYS_EMBED_SWIFT_STANDARD_LIBRARIES = YES;
				BUNDLE_LOADER = "$(TEST_HOST)";
				CODE_SIGN_STYLE = Automatic;
				DEVELOPMENT_TEAM = N38W6PE744;
				INFOPLIST_FILE = "Calculator AppTests/Info.plist";
				LD_RUNPATH_SEARCH_PATHS = (
					"$(inherited)",
					"@executable_path/Frameworks",
					"@loader_path/Frameworks",
				);
				PRODUCT_BUNDLE_IDENTIFIER = "com.baltazar.Calculator-AppTests";
				PRODUCT_NAME = "$(TARGET_NAME)";
				SWIFT_VERSION = 4.2;
				TARGETED_DEVICE_FAMILY = "1,2";
				TEST_HOST = "$(BUILT_PRODUCTS_DIR)/Calculator App.app/Calculator App";
			};
			name = Debug;
		};
		84147D5A2276C01A001AA880 /* Release */ = {
			isa = XCBuildConfiguration;
			buildSettings = {
				ALWAYS_EMBED_SWIFT_STANDARD_LIBRARIES = YES;
				BUNDLE_LOADER = "$(TEST_HOST)";
				CODE_SIGN_STYLE = Automatic;
				DEVELOPMENT_TEAM = N38W6PE744;
				INFOPLIST_FILE = "Calculator AppTests/Info.plist";
				LD_RUNPATH_SEARCH_PATHS = (
					"$(inherited)",
					"@executable_path/Frameworks",
					"@loader_path/Frameworks",
				);
				PRODUCT_BUNDLE_IDENTIFIER = "com.baltazar.Calculator-AppTests";
				PRODUCT_NAME = "$(TARGET_NAME)";
				SWIFT_VERSION = 4.2;
				TARGETED_DEVICE_FAMILY = "1,2";
				TEST_HOST = "$(BUILT_PRODUCTS_DIR)/Calculator App.app/Calculator App";
			};
			name = Release;
		};
		84147D5C2276C01A001AA880 /* Debug */ = {
			isa = XCBuildConfiguration;
			buildSettings = {
				ALWAYS_EMBED_SWIFT_STANDARD_LIBRARIES = YES;
				CODE_SIGN_STYLE = Automatic;
				DEVELOPMENT_TEAM = N38W6PE744;
				INFOPLIST_FILE = "Calculator AppUITests/Info.plist";
				LD_RUNPATH_SEARCH_PATHS = (
					"$(inherited)",
					"@executable_path/Frameworks",
					"@loader_path/Frameworks",
				);
				PRODUCT_BUNDLE_IDENTIFIER = "com.baltazar.Calculator-AppUITests";
				PRODUCT_NAME = "$(TARGET_NAME)";
				SWIFT_VERSION = 4.2;
				TARGETED_DEVICE_FAMILY = "1,2";
				TEST_TARGET_NAME = "Calculator App";
			};
			name = Debug;
		};
		84147D5D2276C01A001AA880 /* Release */ = {
			isa = XCBuildConfiguration;
			buildSettings = {
				ALWAYS_EMBED_SWIFT_STANDARD_LIBRARIES = YES;
				CODE_SIGN_STYLE = Automatic;
				DEVELOPMENT_TEAM = N38W6PE744;
				INFOPLIST_FILE = "Calculator AppUITests/Info.plist";
				LD_RUNPATH_SEARCH_PATHS = (
					"$(inherited)",
					"@executable_path/Frameworks",
					"@loader_path/Frameworks",
				);
				PRODUCT_BUNDLE_IDENTIFIER = "com.baltazar.Calculator-AppUITests";
				PRODUCT_NAME = "$(TARGET_NAME)";
				SWIFT_VERSION = 4.2;
				TARGETED_DEVICE_FAMILY = "1,2";
				TEST_TARGET_NAME = "Calculator App";
			};
			name = Release;
		};
/* End XCBuildConfiguration section */

/* Begin XCConfigurationList section */
		84147D282276C017001AA880 /* Build configuration list for PBXProject "Calculator App" */ = {
			isa = XCConfigurationList;
			buildConfigurations = (
				84147D532276C01A001AA880 /* Debug */,
				84147D542276C01A001AA880 /* Release */,
			);
			defaultConfigurationIsVisible = 0;
			defaultConfigurationName = Release;
		};
		84147D552276C01A001AA880 /* Build configuration list for PBXNativeTarget "Calculator App" */ = {
			isa = XCConfigurationList;
			buildConfigurations = (
				84147D562276C01A001AA880 /* Debug */,
				84147D572276C01A001AA880 /* Release */,
			);
			defaultConfigurationIsVisible = 0;
			defaultConfigurationName = Release;
		};
		84147D582276C01A001AA880 /* Build configuration list for PBXNativeTarget "Calculator AppTests" */ = {
			isa = XCConfigurationList;
			buildConfigurations = (
				84147D592276C01A001AA880 /* Debug */,
				84147D5A2276C01A001AA880 /* Release */,
			);
			defaultConfigurationIsVisible = 0;
			defaultConfigurationName = Release;
		};
		84147D5B2276C01A001AA880 /* Build configuration list for PBXNativeTarget "Calculator AppUITests" */ = {
			isa = XCConfigurationList;
			buildConfigurations = (
				84147D5C2276C01A001AA880 /* Debug */,
				84147D5D2276C01A001AA880 /* Release */,
			);
			defaultConfigurationIsVisible = 0;
			defaultConfigurationName = Release;
		};
/* End XCConfigurationList section */
	};
	rootObject = 84147D252276C017001AA880 /* Project object */;
}
